{
  "name": "@demo/accounts-backend",
  "version": "0.0.1",
  "lockfileVersion": 3,
  "requires": true,
  "packages": {
    "": {
      "name": "@demo/accounts-backend",
      "version": "0.0.1",
      "dependencies": {
        "@ts-rest/core": "^3.52.1",
        "@webstir-io/module-contract": "^0.1.5",
        "zod": "^3.23.8"
      }
    },
    "node_modules/@ts-rest/core": {
      "version": "3.52.1",
      "resolved": "https://registry.npmjs.org/@ts-rest/core/-/core-3.52.1.tgz",
      "integrity": "sha512-tAjz7Kxq/grJodcTA1Anop4AVRDlD40fkksEV5Mmal88VoZeRKAG8oMHsDwdwPZz+B/zgnz0q2sF+cm5M7Bc7g==",
      "license": "MIT",
      "peer": true,
      "peerDependencies": {
        "@types/node": "^18.18.7 || >=20.8.4",
        "zod": "^3.22.3"
      },
      "peerDependenciesMeta": {
        "@types/node": {
          "optional": true
        },
        "zod": {
          "optional": true
        }
      }
    },
    "node_modules/@webstir-io/module-contract": {
      "version": "0.1.5",
      "resolved": "https://npm.pkg.github.com/download/@webstir-io/module-contract/0.1.5/b5342f943c693c23c72bff367d64603496b9f552",
      "integrity": "sha512-8cwrqq/YAQup3uzLb1BPQQ93rth3+6/cvKocLTKBA6s5UMtKNmj0QQGBUDHLIiRxxPARnrlKYB+PJj8ADtspnA==",
      "license": "MIT",
      "dependencies": {
        "zod": "^3.23.8"
      },
      "peerDependencies": {
        "@ts-rest/core": "^3.40.0"
      }
    },
    "node_modules/zod": {
      "version": "3.25.76",
      "resolved": "https://registry.npmjs.org/zod/-/zod-3.25.76.tgz",
      "integrity": "sha512-gzUt/qt81nXsFGKIFcC3YnfEAx5NkunCfnDlvuBSSFS02bcXu4Lmea0AFIUwbLWxWPx3d9p8S5QoaujKcNQxcQ==",
      "license": "MIT",
      "peer": true,
      "funding": {
        "url": "https://github.com/sponsors/colinhacks"
      }
    }
  }
}
